
Microsoft Visual Studio Solution File, Format Version 12.00
# Visual Studio Version 17
VisualStudioVersion = 17.0.31903.59
MinimumVisualStudioVersion = 10.0.40219.1
Project("{2150E333-8FDC-42A3-9474-1A3956D46DE8}") = "src", "src", "{827E0CD3-B72D-47B6-A68D-7590B98EB39B}"
EndProject
Project("{FAE04EC0-301F-11D3-BF4B-00C04F79EFBC}") = "Shared.Contracts", "src\Shared.Contracts\Shared.Contracts.csproj", "{93950639-0942-4C93-BE4B-697A950534C4}"
EndProject
Project("{FAE04EC0-301F-11D3-BF4B-00C04F79EFBC}") = "DecisionEngine", "src\DecisionEngine\DecisionEngine.csproj", "{67BA5A8D-B84E-423F-804C-86B9428E0F2C}"
EndProject
Project("{FAE04EC0-301F-11D3-BF4B-00C04F79EFBC}") = "GatewayService", "src\GatewayService\GatewayService.csproj", "{529D987F-0E11-4839-8BEC-F662E12C8354}"
EndProject
Project("{FAE04EC0-301F-11D3-BF4B-00C04F79EFBC}") = "PaymentService", "src\PaymentService\PaymentService.csproj", "{C74DFA5F-8506-42F3-94C8-0BFC7B5A9E8E}"
EndProject
Project("{2150E333-8FDC-42A3-9474-1A3956D46DE8}") = "test", "test", "{0C88DD14-F956-CE84-757C-A364CCF449FC}"
EndProject
Project("{FAE04EC0-301F-11D3-BF4B-00C04F79EFBC}") = "DecisionEngine.Tests", "test\DecisionEngine.Tests\DecisionEngine.Tests.csproj", "{C10BF855-3153-409E-A066-D13E89ED9230}"
EndProject
Project("{FAE04EC0-301F-11D3-BF4B-00C04F79EFBC}") = "GatewayService.Tests", "test\GatewayService.Tests\GatewayService.Tests.csproj", "{24CCE1B4-343A-4756-A5A2-8019CB882503}"
EndProject
Project("{FAE04EC0-301F-11D3-BF4B-00C04F79EFBC}") = "PaymentService.Tests", "test\PaymentService.Tests\PaymentService.Tests.csproj", "{A01EC8E4-19A3-4A72-8ABF-A808CAE79678}"
EndProject
Global
	GlobalSection(SolutionConfigurationPlatforms) = preSolution
		Debug|Any CPU = Debug|Any CPU
		Debug|x64 = Debug|x64
		Debug|x86 = Debug|x86
		Release|Any CPU = Release|Any CPU
		Release|x64 = Release|x64
		Release|x86 = Release|x86
	EndGlobalSection
	GlobalSection(ProjectConfigurationPlatforms) = postSolution
		{93950639-0942-4C93-BE4B-697A950534C4}.Debug|Any CPU.ActiveCfg = Debug|Any CPU
		{93950639-0942-4C93-BE4B-697A950534C4}.Debug|Any CPU.Build.0 = Debug|Any CPU
		{93950639-0942-4C93-BE4B-697A950534C4}.Debug|x64.ActiveCfg = Debug|Any CPU
		{93950639-0942-4C93-BE4B-697A950534C4}.Debug|x64.Build.0 = Debug|Any CPU
		{93950639-0942-4C93-BE4B-697A950534C4}.Debug|x86.ActiveCfg = Debug|Any CPU
		{93950639-0942-4C93-BE4B-697A950534C4}.Debug|x86.Build.0 = Debug|Any CPU
		{93950639-0942-4C93-BE4B-697A950534C4}.Release|Any CPU.ActiveCfg = Release|Any CPU
		{93950639-0942-4C93-BE4B-697A950534C4}.Release|Any CPU.Build.0 = Release|Any CPU
		{93950639-0942-4C93-BE4B-697A950534C4}.Release|x64.ActiveCfg = Release|Any CPU
		{93950639-0942-4C93-BE4B-697A950534C4}.Release|x64.Build.0 = Release|Any CPU
		{93950639-0942-4C93-BE4B-697A950534C4}.Release|x86.ActiveCfg = Release|Any CPU
		{93950639-0942-4C93-BE4B-697A950534C4}.Release|x86.Build.0 = Release|Any CPU
		{67BA5A8D-B84E-423F-804C-86B9428E0F2C}.Debug|Any CPU.ActiveCfg = Debug|Any CPU
		{67BA5A8D-B84E-423F-804C-86B9428E0F2C}.Debug|Any CPU.Build.0 = Debug|Any CPU
		{67BA5A8D-B84E-423F-804C-86B9428E0F2C}.Debug|x64.ActiveCfg = Debug|Any CPU
		{67BA5A8D-B84E-423F-804C-86B9428E0F2C}.Debug|x64.Build.0 = Debug|Any CPU
		{67BA5A8D-B84E-423F-804C-86B9428E0F2C}.Debug|x86.ActiveCfg = Debug|Any CPU
		{67BA5A8D-B84E-423F-804C-86B9428E0F2C}.Debug|x86.Build.0 = Debug|Any CPU
		{67BA5A8D-B84E-423F-804C-86B9428E0F2C}.Release|Any CPU.ActiveCfg = Release|Any CPU
		{67BA5A8D-B84E-423F-804C-86B9428E0F2C}.Release|Any CPU.Build.0 = Release|Any CPU
		{67BA5A8D-B84E-423F-804C-86B9428E0F2C}.Release|x64.ActiveCfg = Release|Any CPU
		{67BA5A8D-B84E-423F-804C-86B9428E0F2C}.Release|x64.Build.0 = Release|Any CPU
		{67BA5A8D-B84E-423F-804C-86B9428E0F2C}.Release|x86.ActiveCfg = Release|Any CPU
		{67BA5A8D-B84E-423F-804C-86B9428E0F2C}.Release|x86.Build.0 = Release|Any CPU
		{529D987F-0E11-4839-8BEC-F662E12C8354}.Debug|Any CPU.ActiveCfg = Debug|Any CPU
		{529D987F-0E11-4839-8BEC-F662E12C8354}.Debug|Any CPU.Build.0 = Debug|Any CPU
		{529D987F-0E11-4839-8BEC-F662E12C8354}.Debug|x64.ActiveCfg = Debug|Any CPU
		{529D987F-0E11-4839-8BEC-F662E12C8354}.Debug|x64.Build.0 = Debug|Any CPU
		{529D987F-0E11-4839-8BEC-F662E12C8354}.Debug|x86.ActiveCfg = Debug|Any CPU
		{529D987F-0E11-4839-8BEC-F662E12C8354}.Debug|x86.Build.0 = Debug|Any CPU
		{529D987F-0E11-4839-8BEC-F662E12C8354}.Release|Any CPU.ActiveCfg = Release|Any CPU
		{529D987F-0E11-4839-8BEC-F662E12C8354}.Release|Any CPU.Build.0 = Release|Any CPU
		{529D987F-0E11-4839-8BEC-F662E12C8354}.Release|x64.ActiveCfg = Release|Any CPU
		{529D987F-0E11-4839-8BEC-F662E12C8354}.Release|x64.Build.0 = Release|Any CPU
		{529D987F-0E11-4839-8BEC-F662E12C8354}.Release|x86.ActiveCfg = Release|Any CPU
		{529D987F-0E11-4839-8BEC-F662E12C8354}.Release|x86.Build.0 = Release|Any CPU
		{C74DFA5F-8506-42F3-94C8-0BFC7B5A9E8E}.Debug|Any CPU.ActiveCfg = Debug|Any CPU
		{C74DFA5F-8506-42F3-94C8-0BFC7B5A9E8E}.Debug|Any CPU.Build.0 = Debug|Any CPU
		{C74DFA5F-8506-42F3-94C8-0BFC7B5A9E8E}.Debug|x64.ActiveCfg = Debug|Any CPU
		{C74DFA5F-8506-42F3-94C8-0BFC7B5A9E8E}.Debug|x64.Build.0 = Debug|Any CPU
		{C74DFA5F-8506-42F3-94C8-0BFC7B5A9E8E}.Debug|x86.ActiveCfg = Debug|Any CPU
		{C74DFA5F-8506-42F3-94C8-0BFC7B5A9E8E}.Debug|x86.Build.0 = Debug|Any CPU
		{C74DFA5F-8506-42F3-94C8-0BFC7B5A9E8E}.Release|Any CPU.ActiveCfg = Release|Any CPU
		{C74DFA5F-8506-42F3-94C8-0BFC7B5A9E8E}.Release|Any CPU.Build.0 = Release|Any CPU
		{C74DFA5F-8506-42F3-94C8-0BFC7B5A9E8E}.Release|x64.ActiveCfg = Release|Any CPU
		{C74DFA5F-8506-42F3-94C8-0BFC7B5A9E8E}.Release|x64.Build.0 = Release|Any CPU
		{C74DFA5F-8506-42F3-94C8-0BFC7B5A9E8E}.Release|x86.ActiveCfg = Release|Any CPU
		{C74DFA5F-8506-42F3-94C8-0BFC7B5A9E8E}.Release|x86.Build.0 = Release|Any CPU
		{C10BF855-3153-409E-A066-D13E89ED9230}.Debug|Any CPU.ActiveCfg = Debug|Any CPU
		{C10BF855-3153-409E-A066-D13E89ED9230}.Debug|Any CPU.Build.0 = Debug|Any CPU
		{C10BF855-3153-409E-A066-D13E89ED9230}.Debug|x64.ActiveCfg = Debug|Any CPU
		{C10BF855-3153-409E-A066-D13E89ED9230}.Debug|x64.Build.0 = Debug|Any CPU
		{C10BF855-3153-409E-A066-D13E89ED9230}.Debug|x86.ActiveCfg = Debug|Any CPU
		{C10BF855-3153-409E-A066-D13E89ED9230}.Debug|x86.Build.0 = Debug|Any CPU
		{C10BF855-3153-409E-A066-D13E89ED9230}.Release|Any CPU.ActiveCfg = Release|Any CPU
		{C10BF855-3153-409E-A066-D13E89ED9230}.Release|Any CPU.Build.0 = Release|Any CPU
		{C10BF855-3153-409E-A066-D13E89ED9230}.Release|x64.ActiveCfg = Release|Any CPU
		{C10BF855-3153-409E-A066-D13E89ED9230}.Release|x64.Build.0 = Release|Any CPU
		{C10BF855-3153-409E-A066-D13E89ED9230}.Release|x86.ActiveCfg = Release|Any CPU
		{C10BF855-3153-409E-A066-D13E89ED9230}.Release|x86.Build.0 = Release|Any CPU
		{24CCE1B4-343A-4756-A5A2-8019CB882503}.Debug|Any CPU.ActiveCfg = Debug|Any CPU
		{24CCE1B4-343A-4756-A5A2-8019CB882503}.Debug|Any CPU.Build.0 = Debug|Any CPU
		{24CCE1B4-343A-4756-A5A2-8019CB882503}.Debug|x64.ActiveCfg = Debug|Any CPU
		{24CCE1B4-343A-4756-A5A2-8019CB882503}.Debug|x64.Build.0 = Debug|Any CPU
		{24CCE1B4-343A-4756-A5A2-8019CB882503}.Debug|x86.ActiveCfg = Debug|Any CPU
		{24CCE1B4-343A-4756-A5A2-8019CB882503}.Debug|x86.Build.0 = Debug|Any CPU
		{24CCE1B4-343A-4756-A5A2-8019CB882503}.Release|Any CPU.ActiveCfg = Release|Any CPU
		{24CCE1B4-343A-4756-A5A2-8019CB882503}.Release|Any CPU.Build.0 = Release|Any CPU
		{24CCE1B4-343A-4756-A5A2-8019CB882503}.Release|x64.ActiveCfg = Release|Any CPU
		{24CCE1B4-343A-4756-A5A2-8019CB882503}.Release|x64.Build.0 = Release|Any CPU
		{24CCE1B4-343A-4756-A5A2-8019CB882503}.Release|x86.ActiveCfg = Release|Any CPU
		{24CCE1B4-343A-4756-A5A2-8019CB882503}.Release|x86.Build.0 = Release|Any CPU
		{A01EC8E4-19A3-4A72-8ABF-A808CAE79678}.Debug|Any CPU.ActiveCfg = Debug|Any CPU
		{A01EC8E4-19A3-4A72-8ABF-A808CAE79678}.Debug|Any CPU.Build.0 = Debug|Any CPU
		{A01EC8E4-19A3-4A72-8ABF-A808CAE79678}.Debug|x64.ActiveCfg = Debug|Any CPU
		{A01EC8E4-19A3-4A72-8ABF-A808CAE79678}.Debug|x64.Build.0 = Debug|Any CPU
		{A01EC8E4-19A3-4A72-8ABF-A808CAE79678}.Debug|x86.ActiveCfg = Debug|Any CPU
		{A01EC8E4-19A3-4A72-8ABF-A808CAE79678}.Debug|x86.Build.0 = Debug|Any CPU
		{A01EC8E4-19A3-4A72-8ABF-A808CAE79678}.Release|Any CPU.ActiveCfg = Release|Any CPU
		{A01EC8E4-19A3-4A72-8ABF-A808CAE79678}.Release|Any CPU.Build.0 = Release|Any CPU
		{A01EC8E4-19A3-4A72-8ABF-A808CAE79678}.Release|x64.ActiveCfg = Release|Any CPU
		{A01EC8E4-19A3-4A72-8ABF-A808CAE79678}.Release|x64.Build.0 = Release|Any CPU
		{A01EC8E4-19A3-4A72-8ABF-A808CAE79678}.Release|x86.ActiveCfg = Release|Any CPU
		{A01EC8E4-19A3-4A72-8ABF-A808CAE79678}.Release|x86.Build.0 = Release|Any CPU
	EndGlobalSection
	GlobalSection(SolutionProperties) = preSolution
		HideSolutionNode = FALSE
	EndGlobalSection
	GlobalSection(NestedProjects) = preSolution
		{93950639-0942-4C93-BE4B-697A950534C4} = {827E0CD3-B72D-47B6-A68D-7590B98EB39B}
		{67BA5A8D-B84E-423F-804C-86B9428E0F2C} = {827E0CD3-B72D-47B6-A68D-7590B98EB39B}
		{529D987F-0E11-4839-8BEC-F662E12C8354} = {827E0CD3-B72D-47B6-A68D-7590B98EB39B}
		{C74DFA5F-8506-42F3-94C8-0BFC7B5A9E8E} = {827E0CD3-B72D-47B6-A68D-7590B98EB39B}
		{C10BF855-3153-409E-A066-D13E89ED9230} = {0C88DD14-F956-CE84-757C-A364CCF449FC}
		{24CCE1B4-343A-4756-A5A2-8019CB882503} = {0C88DD14-F956-CE84-757C-A364CCF449FC}
		{A01EC8E4-19A3-4A72-8ABF-A808CAE79678} = {0C88DD14-F956-CE84-757C-A364CCF449FC}
	EndGlobalSection
EndGlobal
