<Solution>
  <Folder Name="/src/">
    <Project Path="src/DecisionEngine/DecisionEngine.csproj" />
    <Project Path="src/GatewayService/GatewayService.csproj" />
    <Project Path="src/PaymentService/PaymentService.csproj" />
  </Folder>
  <Folder Name="/test/">
    <Project Path="test/DecisionEngine.Tests/DecisionEngine.Tests.csproj" />
    <Project Path="test/GatewayService.Tests/GatewayService.Tests.csproj" />
    <Project Path="test/PaymentService.Tests/PaymentService.Tests.csproj" />
  </Folder>
</Solution>
